{
  "originHash" : "062a90261db2b97cc3ccdb4e4ea77c72873cf39f5c3b01902de1763f2dc372c4",
  "pins" : [
    {
      "identity" : "wwuserdefaults",
      "kind" : "remoteSourceControl",
      "location" : "https://github.com/William-Weng/WWUserDefaults",
      "state" : {
        "revision" : "44675a469955dbaeb5b70a6277dbb2be543f6cb0",
        "version" : "1.0.4"
      }
    }
  ],
  "version" : 3
}
